
Microsoft Visual Studio Solution File, Format Version 12.00
# Visual Studio Version 17
VisualStudioVersion = 17.10.35013.160
MinimumVisualStudioVersion = 10.0.40219.1
Project("{FAE04EC0-301F-11D3-BF4B-00C04F79EFBC}") = "Complexity", "Complexity\Complexity.csproj", "{CE5DAD14-9E09-488C-9C2C-F539DD3419BB}"
EndProject
Global
	GlobalSection(SolutionConfigurationPlatforms) = preSolution
		Debug|Any CPU = Debug|Any CPU
		Release|Any CPU = Release|Any CPU
	EndGlobalSection
	GlobalSection(ProjectConfigurationPlatforms) = postSolution
		{CE5DAD14-9E09-488C-9C2C-F539DD3419BB}.Debug|Any CPU.ActiveCfg = Debug|Any CPU
		{CE5DAD14-9E09-488C-9C2C-F539DD3419BB}.Debug|Any CPU.Build.0 = Debug|Any CPU
		{CE5DAD14-9E09-488C-9C2C-F539DD3419BB}.Release|Any CPU.ActiveCfg = Release|Any CPU
		{CE5DAD14-9E09-488C-9C2C-F539DD3419BB}.Release|Any CPU.Build.0 = Release|Any CPU
	EndGlobalSection
	GlobalSection(SolutionProperties) = preSolution
		HideSolutionNode = FALSE
	EndGlobalSection
	GlobalSection(ExtensibilityGlobals) = postSolution
		SolutionGuid = {A035DE40-A278-4935-887A-39612AF9F94C}
	EndGlobalSection
EndGlobal
